Microsoft Visual Studio Solution File, Format Version 12.00
# Visual Studio Version 17
VisualStudioVersion = 17.5.2.0
MinimumVisualStudioVersion = 10.0.40219.1
Project("{FAE04EC0-301F-11D3-BF4B-00C04F79EFBC}") = "EventDelegateLambdas", "EventDelegateLambdas.csproj", "{BBDBD5FB-54A6-C2FB-3896-FFDF4F93FDF1}"
EndProject
Global
	GlobalSection(SolutionConfigurationPlatforms) = preSolution
		Debug|Any CPU = Debug|Any CPU
		Release|Any CPU = Release|Any CPU
	EndGlobalSection
	GlobalSection(ProjectConfigurationPlatforms) = postSolution
		{BBDBD5FB-54A6-C2FB-3896-FFDF4F93FDF1}.Debug|Any CPU.ActiveCfg = Debug|Any CPU
		{BBDBD5FB-54A6-C2FB-3896-FFDF4F93FDF1}.Debug|Any CPU.Build.0 = Debug|Any CPU
		{BBDBD5FB-54A6-C2FB-3896-FFDF4F93FDF1}.Release|Any CPU.ActiveCfg = Release|Any CPU
		{BBDBD5FB-54A6-C2FB-3896-FFDF4F93FDF1}.Release|Any CPU.Build.0 = Release|Any CPU
	EndGlobalSection
	GlobalSection(SolutionProperties) = preSolution
		HideSolutionNode = FALSE
	EndGlobalSection
	GlobalSection(ExtensibilityGlobals) = postSolution
		SolutionGuid = {45077798-B634-42C5-9B2F-324EA9069DCD}
	EndGlobalSection
EndGlobal
